github.com/pyroscope-io/client v0.4.0 h1:Jofj0/9lW84wtUGlKzXwY1Bc6GJxo1PM/Q4r+w7AwXY=
github.com/pyroscope-io/client v0.4.0/go.mod h1:zRdQXIGxy0H2QbKEkCmZBR6KOLLIFYLWsdzVI0MRm2E=
github.com/pyroscope-io/client v0.7.1 h1:yFRhj3vbgjBxehvxQmedmUWJQ4CAfCHhn+itPsuWsHw=
github.com/pyroscope-io/client v0.7.1/go.mod h1:4h21iOU4pUOq0prKyDlvYRL+SCKsBc5wKiEtV+rJGqU=
github.com/pyroscope-io/godeltaprof v0.1.0 h1:UBqtjt0yZi4jTxqZmLAs34XG6ycS3vUTlhEUSq4NHLE=
github.com/pyroscope-io/godeltaprof v0.1.0/go.mod h1:psMITXp90+8pFenXkKIpNhrfmI9saQnPbba27VIaiQE=
